
Microsoft Visual Studio Solution File, Format Version 12.00
# Visual Studio Version 16
VisualStudioVersion = 16.0.30011.22
MinimumVisualStudioVersion = 10.0.40219.1
Project("{FAE04EC0-301F-11D3-BF4B-00C04F79EFBC}") = "FacadPattern", "FacadPattern\FacadPattern.csproj", "{103BADF8-CB7A-42B6-B654-F23EAEBDD0C0}"
EndProject
Global
	GlobalSection(SolutionConfigurationPlatforms) = preSolution
		Debug|Any CPU = Debug|Any CPU
		Release|Any CPU = Release|Any CPU
	EndGlobalSection
	GlobalSection(ProjectConfigurationPlatforms) = postSolution
		{103BADF8-CB7A-42B6-B654-F23EAEBDD0C0}.Debug|Any CPU.ActiveCfg = Debug|Any CPU
		{103BADF8-CB7A-42B6-B654-F23EAEBDD0C0}.Debug|Any CPU.Build.0 = Debug|Any CPU
		{103BADF8-CB7A-42B6-B654-F23EAEBDD0C0}.Release|Any CPU.ActiveCfg = Release|Any CPU
		{103BADF8-CB7A-42B6-B654-F23EAEBDD0C0}.Release|Any CPU.Build.0 = Release|Any CPU
	EndGlobalSection
	GlobalSection(SolutionProperties) = preSolution
		HideSolutionNode = FALSE
	EndGlobalSection
	GlobalSection(ExtensibilityGlobals) = postSolution
		SolutionGuid = {5B4EBBC9-6A30-44E1-8F4E-C8D6BA0F33AF}
	EndGlobalSection
EndGlobal
